
Microsoft Visual Studio Solution File, Format Version 12.00
# Visual Studio 15
VisualStudioVersion = 15.0.26730.3
MinimumVisualStudioVersion = 10.0.40219.1
Project("{FAE04EC0-301F-11D3-BF4B-00C04F79EFBC}") = "SLX.Invoice.com", "SLX.Invoice.com\SLX.Invoice.com.csproj", "{9B90F6F8-AF1A-43DD-A649-92B5DE5BDEAB}"
EndProject
Project("{2150E333-8FDC-42A3-9474-1A3956D46DE8}") = "Test", "Test", "{7B06722B-632F-4785-8F50-EBDCBA907CFD}"
EndProject
Project("{FAE04EC0-301F-11D3-BF4B-00C04F79EFBC}") = "RabbitMQ.Send", "RabbitMQ.Send\RabbitMQ.Send.csproj", "{5DDE2F96-6864-4678-8092-00386E4E4BE3}"
EndProject
Project("{FAE04EC0-301F-11D3-BF4B-00C04F79EFBC}") = "RabbitMQ.Receive", "RabbitMQ.Receive\RabbitMQ.Receive.csproj", "{DBCDDD47-E5DF-4A59-9280-1448428F7565}"
EndProject
Project("{FAE04EC0-301F-11D3-BF4B-00C04F79EFBC}") = "Django", "Django\Django.csproj", "{D8417B10-B753-422C-A615-0EC4C6B5AEC5}"
EndProject
Project("{FAE04EC0-301F-11D3-BF4B-00C04F79EFBC}") = "Rest", "Rest\Rest.csproj", "{C8F1B767-64AF-437A-A4AF-8ECF8BC3776D}"
EndProject
Project("{FAE04EC0-301F-11D3-BF4B-00C04F79EFBC}") = "MyTemplate", "MyTemplate\MyTemplate.csproj", "{A3F7E25C-06FC-4375-B14F-56FCB5F45830}"
EndProject
Project("{FAE04EC0-301F-11D3-BF4B-00C04F79EFBC}") = "WindowsFormsApp1", "WindowsFormsApp1\WindowsFormsApp1.csproj", "{73D92AEB-F731-43E5-8415-E358B5B9A4BF}"
EndProject
Project("{FAE04EC0-301F-11D3-BF4B-00C04F79EFBC}") = "VerifyCode", "VerifyCode\VerifyCode.csproj", "{38A1BEF5-7E6F-476A-9C8F-477E4734294C}"
EndProject
Project("{FAE04EC0-301F-11D3-BF4B-00C04F79EFBC}") = "Spider2Test", "Spider2Test\Spider2Test.csproj", "{6499958A-6E38-4723-80B0-DAAC606064FE}"
EndProject
Project("{FAE04EC0-301F-11D3-BF4B-00C04F79EFBC}") = "设计模式", "设计模式\设计模式.csproj", "{619D6CAB-6A40-41CB-A23C-E6C64D001804}"
EndProject
Project("{9A19103F-16F7-4668-BE54-9A1E7A4F7556}") = "ConsulTest", "ConsulTest\ConsulTest.csproj", "{294110DF-FF02-424F-847B-624716B944D8}"
EndProject
Project("{9A19103F-16F7-4668-BE54-9A1E7A4F7556}") = "WebConsulTest", "WebConsulTest\WebConsulTest.csproj", "{92B67DBC-710D-4DB5-925C-0D1335C1E867}"
EndProject
Project("{9A19103F-16F7-4668-BE54-9A1E7A4F7556}") = "RestTemplateCore", "RestTemplateCore\RestTemplateCore.csproj", "{6E19A52B-37D8-4655-89AE-98AB8179A56F}"
EndProject
Project("{9A19103F-16F7-4668-BE54-9A1E7A4F7556}") = "PollyTest1", "PollyTest1\PollyTest1.csproj", "{9CB7D71C-328F-45BA-BD08-412D1C2A4441}"
EndProject
Project("{9A19103F-16F7-4668-BE54-9A1E7A4F7556}") = "PollyTest2", "PollyTest2\PollyTest2.csproj", "{993A5C5D-4804-4D5E-AEC0-B18BBE678ACB}"
EndProject
Project("{9A19103F-16F7-4668-BE54-9A1E7A4F7556}") = "WebApplication1", "WebApplication1\WebApplication1.csproj", "{3F9C02A2-D5D3-4CDB-B174-BE034EF298E8}"
EndProject
Project("{9A19103F-16F7-4668-BE54-9A1E7A4F7556}") = "WebApplication2", "WebApplication2\WebApplication2.csproj", "{7BC3753F-8070-4964-8F85-334757576357}"
EndProject
Project("{FAE04EC0-301F-11D3-BF4B-00C04F79EFBC}") = "JWTTest1", "JWTTest1\JWTTest1.csproj", "{B6C03435-3E53-457F-AE9E-06FC892A92D0}"
EndProject
Project("{FAE04EC0-301F-11D3-BF4B-00C04F79EFBC}") = "ID4.IdServer", "ID4.IdServer\ID4.IdServer.csproj", "{5CFDC903-BB84-4922-808C-4A08396A5E24}"
EndProject
Global
	GlobalSection(SolutionConfigurationPlatforms) = preSolution
		Debug|Any CPU = Debug|Any CPU
		Release|Any CPU = Release|Any CPU
	EndGlobalSection
	GlobalSection(ProjectConfigurationPlatforms) = postSolution
		{9B90F6F8-AF1A-43DD-A649-92B5DE5BDEAB}.Debug|Any CPU.ActiveCfg = Debug|Any CPU
		{9B90F6F8-AF1A-43DD-A649-92B5DE5BDEAB}.Debug|Any CPU.Build.0 = Debug|Any CPU
		{9B90F6F8-AF1A-43DD-A649-92B5DE5BDEAB}.Release|Any CPU.ActiveCfg = Release|Any CPU
		{9B90F6F8-AF1A-43DD-A649-92B5DE5BDEAB}.Release|Any CPU.Build.0 = Release|Any CPU
		{5DDE2F96-6864-4678-8092-00386E4E4BE3}.Debug|Any CPU.ActiveCfg = Debug|Any CPU
		{5DDE2F96-6864-4678-8092-00386E4E4BE3}.Debug|Any CPU.Build.0 = Debug|Any CPU
		{5DDE2F96-6864-4678-8092-00386E4E4BE3}.Release|Any CPU.ActiveCfg = Release|Any CPU
		{5DDE2F96-6864-4678-8092-00386E4E4BE3}.Release|Any CPU.Build.0 = Release|Any CPU
		{DBCDDD47-E5DF-4A59-9280-1448428F7565}.Debug|Any CPU.ActiveCfg = Debug|Any CPU
		{DBCDDD47-E5DF-4A59-9280-1448428F7565}.Debug|Any CPU.Build.0 = Debug|Any CPU
		{DBCDDD47-E5DF-4A59-9280-1448428F7565}.Release|Any CPU.ActiveCfg = Release|Any CPU
		{DBCDDD47-E5DF-4A59-9280-1448428F7565}.Release|Any CPU.Build.0 = Release|Any CPU
		{D8417B10-B753-422C-A615-0EC4C6B5AEC5}.Debug|Any CPU.ActiveCfg = Debug|Any CPU
		{D8417B10-B753-422C-A615-0EC4C6B5AEC5}.Debug|Any CPU.Build.0 = Debug|Any CPU
		{D8417B10-B753-422C-A615-0EC4C6B5AEC5}.Release|Any CPU.ActiveCfg = Release|Any CPU
		{D8417B10-B753-422C-A615-0EC4C6B5AEC5}.Release|Any CPU.Build.0 = Release|Any CPU
		{C8F1B767-64AF-437A-A4AF-8ECF8BC3776D}.Debug|Any CPU.ActiveCfg = Debug|Any CPU
		{C8F1B767-64AF-437A-A4AF-8ECF8BC3776D}.Debug|Any CPU.Build.0 = Debug|Any CPU
		{C8F1B767-64AF-437A-A4AF-8ECF8BC3776D}.Release|Any CPU.ActiveCfg = Release|Any CPU
		{C8F1B767-64AF-437A-A4AF-8ECF8BC3776D}.Release|Any CPU.Build.0 = Release|Any CPU
		{A3F7E25C-06FC-4375-B14F-56FCB5F45830}.Debug|Any CPU.ActiveCfg = Debug|Any CPU
		{A3F7E25C-06FC-4375-B14F-56FCB5F45830}.Debug|Any CPU.Build.0 = Debug|Any CPU
		{A3F7E25C-06FC-4375-B14F-56FCB5F45830}.Release|Any CPU.ActiveCfg = Release|Any CPU
		{A3F7E25C-06FC-4375-B14F-56FCB5F45830}.Release|Any CPU.Build.0 = Release|Any CPU
		{73D92AEB-F731-43E5-8415-E358B5B9A4BF}.Debug|Any CPU.ActiveCfg = Debug|Any CPU
		{73D92AEB-F731-43E5-8415-E358B5B9A4BF}.Debug|Any CPU.Build.0 = Debug|Any CPU
		{73D92AEB-F731-43E5-8415-E358B5B9A4BF}.Release|Any CPU.ActiveCfg = Release|Any CPU
		{73D92AEB-F731-43E5-8415-E358B5B9A4BF}.Release|Any CPU.Build.0 = Release|Any CPU
		{38A1BEF5-7E6F-476A-9C8F-477E4734294C}.Debug|Any CPU.ActiveCfg = Debug|Any CPU
		{38A1BEF5-7E6F-476A-9C8F-477E4734294C}.Debug|Any CPU.Build.0 = Debug|Any CPU
		{38A1BEF5-7E6F-476A-9C8F-477E4734294C}.Release|Any CPU.ActiveCfg = Release|Any CPU
		{38A1BEF5-7E6F-476A-9C8F-477E4734294C}.Release|Any CPU.Build.0 = Release|Any CPU
		{6499958A-6E38-4723-80B0-DAAC606064FE}.Debug|Any CPU.ActiveCfg = Debug|Any CPU
		{6499958A-6E38-4723-80B0-DAAC606064FE}.Debug|Any CPU.Build.0 = Debug|Any CPU
		{6499958A-6E38-4723-80B0-DAAC606064FE}.Release|Any CPU.ActiveCfg = Release|Any CPU
		{6499958A-6E38-4723-80B0-DAAC606064FE}.Release|Any CPU.Build.0 = Release|Any CPU
		{619D6CAB-6A40-41CB-A23C-E6C64D001804}.Debug|Any CPU.ActiveCfg = Debug|Any CPU
		{619D6CAB-6A40-41CB-A23C-E6C64D001804}.Debug|Any CPU.Build.0 = Debug|Any CPU
		{619D6CAB-6A40-41CB-A23C-E6C64D001804}.Release|Any CPU.ActiveCfg = Release|Any CPU
		{619D6CAB-6A40-41CB-A23C-E6C64D001804}.Release|Any CPU.Build.0 = Release|Any CPU
		{294110DF-FF02-424F-847B-624716B944D8}.Debug|Any CPU.ActiveCfg = Debug|Any CPU
		{294110DF-FF02-424F-847B-624716B944D8}.Debug|Any CPU.Build.0 = Debug|Any CPU
		{294110DF-FF02-424F-847B-624716B944D8}.Release|Any CPU.ActiveCfg = Release|Any CPU
		{294110DF-FF02-424F-847B-624716B944D8}.Release|Any CPU.Build.0 = Release|Any CPU
		{92B67DBC-710D-4DB5-925C-0D1335C1E867}.Debug|Any CPU.ActiveCfg = Debug|Any CPU
		{92B67DBC-710D-4DB5-925C-0D1335C1E867}.Debug|Any CPU.Build.0 = Debug|Any CPU
		{92B67DBC-710D-4DB5-925C-0D1335C1E867}.Release|Any CPU.ActiveCfg = Release|Any CPU
		{92B67DBC-710D-4DB5-925C-0D1335C1E867}.Release|Any CPU.Build.0 = Release|Any CPU
		{6E19A52B-37D8-4655-89AE-98AB8179A56F}.Debug|Any CPU.ActiveCfg = Debug|Any CPU
		{6E19A52B-37D8-4655-89AE-98AB8179A56F}.Debug|Any CPU.Build.0 = Debug|Any CPU
		{6E19A52B-37D8-4655-89AE-98AB8179A56F}.Release|Any CPU.ActiveCfg = Release|Any CPU
		{6E19A52B-37D8-4655-89AE-98AB8179A56F}.Release|Any CPU.Build.0 = Release|Any CPU
		{9CB7D71C-328F-45BA-BD08-412D1C2A4441}.Debug|Any CPU.ActiveCfg = Debug|Any CPU
		{9CB7D71C-328F-45BA-BD08-412D1C2A4441}.Debug|Any CPU.Build.0 = Debug|Any CPU
		{9CB7D71C-328F-45BA-BD08-412D1C2A4441}.Release|Any CPU.ActiveCfg = Release|Any CPU
		{9CB7D71C-328F-45BA-BD08-412D1C2A4441}.Release|Any CPU.Build.0 = Release|Any CPU
		{993A5C5D-4804-4D5E-AEC0-B18BBE678ACB}.Debug|Any CPU.ActiveCfg = Debug|Any CPU
		{993A5C5D-4804-4D5E-AEC0-B18BBE678ACB}.Debug|Any CPU.Build.0 = Debug|Any CPU
		{993A5C5D-4804-4D5E-AEC0-B18BBE678ACB}.Release|Any CPU.ActiveCfg = Release|Any CPU
		{993A5C5D-4804-4D5E-AEC0-B18BBE678ACB}.Release|Any CPU.Build.0 = Release|Any CPU
		{3F9C02A2-D5D3-4CDB-B174-BE034EF298E8}.Debug|Any CPU.ActiveCfg = Debug|Any CPU
		{3F9C02A2-D5D3-4CDB-B174-BE034EF298E8}.Debug|Any CPU.Build.0 = Debug|Any CPU
		{3F9C02A2-D5D3-4CDB-B174-BE034EF298E8}.Release|Any CPU.ActiveCfg = Release|Any CPU
		{3F9C02A2-D5D3-4CDB-B174-BE034EF298E8}.Release|Any CPU.Build.0 = Release|Any CPU
		{7BC3753F-8070-4964-8F85-334757576357}.Debug|Any CPU.ActiveCfg = Debug|Any CPU
		{7BC3753F-8070-4964-8F85-334757576357}.Debug|Any CPU.Build.0 = Debug|Any CPU
		{7BC3753F-8070-4964-8F85-334757576357}.Release|Any CPU.ActiveCfg = Release|Any CPU
		{7BC3753F-8070-4964-8F85-334757576357}.Release|Any CPU.Build.0 = Release|Any CPU
		{B6C03435-3E53-457F-AE9E-06FC892A92D0}.Debug|Any CPU.ActiveCfg = Debug|Any CPU
		{B6C03435-3E53-457F-AE9E-06FC892A92D0}.Debug|Any CPU.Build.0 = Debug|Any CPU
		{B6C03435-3E53-457F-AE9E-06FC892A92D0}.Release|Any CPU.ActiveCfg = Release|Any CPU
		{B6C03435-3E53-457F-AE9E-06FC892A92D0}.Release|Any CPU.Build.0 = Release|Any CPU
		{5CFDC903-BB84-4922-808C-4A08396A5E24}.Debug|Any CPU.ActiveCfg = Debug|Any CPU
		{5CFDC903-BB84-4922-808C-4A08396A5E24}.Debug|Any CPU.Build.0 = Debug|Any CPU
		{5CFDC903-BB84-4922-808C-4A08396A5E24}.Release|Any CPU.ActiveCfg = Release|Any CPU
		{5CFDC903-BB84-4922-808C-4A08396A5E24}.Release|Any CPU.Build.0 = Release|Any CPU
	EndGlobalSection
	GlobalSection(SolutionProperties) = preSolution
		HideSolutionNode = FALSE
	EndGlobalSection
	GlobalSection(NestedProjects) = preSolution
		{5DDE2F96-6864-4678-8092-00386E4E4BE3} = {7B06722B-632F-4785-8F50-EBDCBA907CFD}
		{DBCDDD47-E5DF-4A59-9280-1448428F7565} = {7B06722B-632F-4785-8F50-EBDCBA907CFD}
		{D8417B10-B753-422C-A615-0EC4C6B5AEC5} = {7B06722B-632F-4785-8F50-EBDCBA907CFD}
		{C8F1B767-64AF-437A-A4AF-8ECF8BC3776D} = {7B06722B-632F-4785-8F50-EBDCBA907CFD}
		{A3F7E25C-06FC-4375-B14F-56FCB5F45830} = {7B06722B-632F-4785-8F50-EBDCBA907CFD}
		{73D92AEB-F731-43E5-8415-E358B5B9A4BF} = {7B06722B-632F-4785-8F50-EBDCBA907CFD}
		{6499958A-6E38-4723-80B0-DAAC606064FE} = {7B06722B-632F-4785-8F50-EBDCBA907CFD}
		{619D6CAB-6A40-41CB-A23C-E6C64D001804} = {7B06722B-632F-4785-8F50-EBDCBA907CFD}
		{294110DF-FF02-424F-847B-624716B944D8} = {7B06722B-632F-4785-8F50-EBDCBA907CFD}
		{92B67DBC-710D-4DB5-925C-0D1335C1E867} = {7B06722B-632F-4785-8F50-EBDCBA907CFD}
		{6E19A52B-37D8-4655-89AE-98AB8179A56F} = {7B06722B-632F-4785-8F50-EBDCBA907CFD}
		{9CB7D71C-328F-45BA-BD08-412D1C2A4441} = {7B06722B-632F-4785-8F50-EBDCBA907CFD}
		{993A5C5D-4804-4D5E-AEC0-B18BBE678ACB} = {7B06722B-632F-4785-8F50-EBDCBA907CFD}
		{3F9C02A2-D5D3-4CDB-B174-BE034EF298E8} = {7B06722B-632F-4785-8F50-EBDCBA907CFD}
		{7BC3753F-8070-4964-8F85-334757576357} = {7B06722B-632F-4785-8F50-EBDCBA907CFD}
		{B6C03435-3E53-457F-AE9E-06FC892A92D0} = {7B06722B-632F-4785-8F50-EBDCBA907CFD}
		{5CFDC903-BB84-4922-808C-4A08396A5E24} = {7B06722B-632F-4785-8F50-EBDCBA907CFD}
	EndGlobalSection
	GlobalSection(ExtensibilityGlobals) = postSolution
		SolutionGuid = {19183BD5-496B-4104-AFD6-CE4DAAB4E880}
	EndGlobalSection
EndGlobal
