
Microsoft Visual Studio Solution File, Format Version 12.00
# Visual Studio 15
VisualStudioVersion = 15.0.26730.3
MinimumVisualStudioVersion = 10.0.40219.1
Project("{FAE04EC0-301F-11D3-BF4B-00C04F79EFBC}") = "SLX.Invoice.com", "SLX.Invoice.com\SLX.Invoice.com.csproj", "{9B90F6F8-AF1A-43DD-A649-92B5DE5BDEAB}"
EndProject
Project("{2150E333-8FDC-42A3-9474-1A3956D46DE8}") = "Test", "Test", "{7B06722B-632F-4785-8F50-EBDCBA907CFD}"
EndProject
Project("{FAE04EC0-301F-11D3-BF4B-00C04F79EFBC}") = "RabbitMQ.Send", "RabbitMQ.Send\RabbitMQ.Send.csproj", "{5DDE2F96-6864-4678-8092-00386E4E4BE3}"
EndProject
Project("{FAE04EC0-301F-11D3-BF4B-00C04F79EFBC}") = "RabbitMQ.Receive", "RabbitMQ.Receive\RabbitMQ.Receive.csproj", "{DBCDDD47-E5DF-4A59-9280-1448428F7565}"
EndProject
Global
	GlobalSection(SolutionConfigurationPlatforms) = preSolution
		Debug|Any CPU = Debug|Any CPU
		Release|Any CPU = Release|Any CPU
	EndGlobalSection
	GlobalSection(ProjectConfigurationPlatforms) = postSolution
		{9B90F6F8-AF1A-43DD-A649-92B5DE5BDEAB}.Debug|Any CPU.ActiveCfg = Debug|Any CPU
		{9B90F6F8-AF1A-43DD-A649-92B5DE5BDEAB}.Debug|Any CPU.Build.0 = Debug|Any CPU
		{9B90F6F8-AF1A-43DD-A649-92B5DE5BDEAB}.Release|Any CPU.ActiveCfg = Release|Any CPU
		{9B90F6F8-AF1A-43DD-A649-92B5DE5BDEAB}.Release|Any CPU.Build.0 = Release|Any CPU
		{5DDE2F96-6864-4678-8092-00386E4E4BE3}.Debug|Any CPU.ActiveCfg = Debug|Any CPU
		{5DDE2F96-6864-4678-8092-00386E4E4BE3}.Debug|Any CPU.Build.0 = Debug|Any CPU
		{5DDE2F96-6864-4678-8092-00386E4E4BE3}.Release|Any CPU.ActiveCfg = Release|Any CPU
		{5DDE2F96-6864-4678-8092-00386E4E4BE3}.Release|Any CPU.Build.0 = Release|Any CPU
		{DBCDDD47-E5DF-4A59-9280-1448428F7565}.Debug|Any CPU.ActiveCfg = Debug|Any CPU
		{DBCDDD47-E5DF-4A59-9280-1448428F7565}.Debug|Any CPU.Build.0 = Debug|Any CPU
		{DBCDDD47-E5DF-4A59-9280-1448428F7565}.Release|Any CPU.ActiveCfg = Release|Any CPU
		{DBCDDD47-E5DF-4A59-9280-1448428F7565}.Release|Any CPU.Build.0 = Release|Any CPU
	EndGlobalSection
	GlobalSection(SolutionProperties) = preSolution
		HideSolutionNode = FALSE
	EndGlobalSection
	GlobalSection(NestedProjects) = preSolution
		{5DDE2F96-6864-4678-8092-00386E4E4BE3} = {7B06722B-632F-4785-8F50-EBDCBA907CFD}
		{DBCDDD47-E5DF-4A59-9280-1448428F7565} = {7B06722B-632F-4785-8F50-EBDCBA907CFD}
	EndGlobalSection
	GlobalSection(ExtensibilityGlobals) = postSolution
		SolutionGuid = {19183BD5-496B-4104-AFD6-CE4DAAB4E880}
	EndGlobalSection
EndGlobal
